// !$*UTF8*$!
{
	archiveVersion = 1;
	classes = {
	};
	objectVersion = 55;
	objects = {

/* Begin PBXBuildFile section */
		8439EA542B6A464100ED7616 /* UIImageView+Extension.swift in Sources */ = {isa = PBXBuildFile; fileRef = 8439EA532B6A464100ED7616 /* UIImageView+Extension.swift */; };
		844165B42B7130F000ED0E92 /* CollectionViewCellPresenter.swift in Sources */ = {isa = PBXBuildFile; fileRef = 844165B32B7130F000ED0E92 /* CollectionViewCellPresenter.swift */; };
		8484270E286DFB8E0096611F /* Endpoint.swift in Sources */ = {isa = PBXBuildFile; fileRef = 8484270D286DFB8E0096611F /* Endpoint.swift */; };
		84842710286DFD6B0096611F /* RawgEndpoint.swift in Sources */ = {isa = PBXBuildFile; fileRef = 8484270F286DFD6B0096611F /* RawgEndpoint.swift */; };
		84842712286E40CC0096611F /* RawgModels.swift in Sources */ = {isa = PBXBuildFile; fileRef = 84842711286E40CC0096611F /* RawgModels.swift */; };
		84842716286E7FF60096611F /* CollectionViewCell.swift in Sources */ = {isa = PBXBuildFile; fileRef = 84842715286E7FF60096611F /* CollectionViewCell.swift */; };
		84842723286EE0A00096611F /* NetworkEngine.swift in Sources */ = {isa = PBXBuildFile; fileRef = 84842722286EE0A00096611F /* NetworkEngine.swift */; };
		8484274E2876D8320096611F /* RawgApi.swift in Sources */ = {isa = PBXBuildFile; fileRef = 8484274D2876D8320096611F /* RawgApi.swift */; };
		8484275028772FA60096611F /* HomeCollectionViewController.swift in Sources */ = {isa = PBXBuildFile; fileRef = 8484274F28772FA60096611F /* HomeCollectionViewController.swift */; };
		8484275228779EEF0096611F /* HomeInteractor.swift in Sources */ = {isa = PBXBuildFile; fileRef = 8484275128779EEF0096611F /* HomeInteractor.swift */; };
		8484275428779F350096611F /* HomePresenter.swift in Sources */ = {isa = PBXBuildFile; fileRef = 8484275328779F350096611F /* HomePresenter.swift */; };
		848427562877ABEE0096611F /* HomeRouter.swift in Sources */ = {isa = PBXBuildFile; fileRef = 848427552877ABEE0096611F /* HomeRouter.swift */; };
		8484275C28789A320096611F /* DetailViewController.swift in Sources */ = {isa = PBXBuildFile; fileRef = 8484275B28789A320096611F /* DetailViewController.swift */; };
		8492FD502B6C50AF009BD365 /* Kingfisher in Frameworks */ = {isa = PBXBuildFile; productRef = 8492FD4F2B6C50AF009BD365 /* Kingfisher */; };
		8492FD532B6D8200009BD365 /* FavoriteGamesDataModel.xcdatamodeld in Sources */ = {isa = PBXBuildFile; fileRef = 8492FD512B6D8200009BD365 /* FavoriteGamesDataModel.xcdatamodeld */; };
		8492FD572B6FC981009BD365 /* FavoriteManager.swift in Sources */ = {isa = PBXBuildFile; fileRef = 8492FD562B6FC981009BD365 /* FavoriteManager.swift */; };
		849D38D52889B5CB00609C31 /* WishlistViewController.swift in Sources */ = {isa = PBXBuildFile; fileRef = 849D38D42889B5CB00609C31 /* WishlistViewController.swift */; };
		849D38DC288C81D500609C31 /* SingletonPatterns.swift in Sources */ = {isa = PBXBuildFile; fileRef = 849D38DB288C81D500609C31 /* SingletonPatterns.swift */; };
		849D38DE288CADB300609C31 /* NotificationCenter.swift in Sources */ = {isa = PBXBuildFile; fileRef = 849D38DD288CADB300609C31 /* NotificationCenter.swift */; };
		849D38E0288D9B6800609C31 /* FilterCell.swift in Sources */ = {isa = PBXBuildFile; fileRef = 849D38DF288D9B6800609C31 /* FilterCell.swift */; };
		84A2D7F52B739E3600D7C87C /* WishlistPresenter.swift in Sources */ = {isa = PBXBuildFile; fileRef = 84A2D7F42B739E3600D7C87C /* WishlistPresenter.swift */; };
		84A2D7F72B74489500D7C87C /* WishlistInteractor.swift in Sources */ = {isa = PBXBuildFile; fileRef = 84A2D7F62B74489500D7C87C /* WishlistInteractor.swift */; };
		84A2D7F92B7453E400D7C87C /* WishlistRouter.swift in Sources */ = {isa = PBXBuildFile; fileRef = 84A2D7F82B7453E400D7C87C /* WishlistRouter.swift */; };
		84A2D7FB2B7A9C8700D7C87C /* TabBarController.swift in Sources */ = {isa = PBXBuildFile; fileRef = 84A2D7FA2B7A9C8700D7C87C /* TabBarController.swift */; };
		84A2D7FD2B7BBBF200D7C87C /* DetailPresenter.swift in Sources */ = {isa = PBXBuildFile; fileRef = 84A2D7FC2B7BBBF200D7C87C /* DetailPresenter.swift */; };
		84A2D7FF2B7BBC0D00D7C87C /* DetailInteractor.swift in Sources */ = {isa = PBXBuildFile; fileRef = 84A2D7FE2B7BBC0D00D7C87C /* DetailInteractor.swift */; };
		84A2D8012B7BBC1500D7C87C /* DetailRouter.swift in Sources */ = {isa = PBXBuildFile; fileRef = 84A2D8002B7BBC1500D7C87C /* DetailRouter.swift */; };
		84D31C85286CBF83001D1335 /* AppDelegate.swift in Sources */ = {isa = PBXBuildFile; fileRef = 84D31C84286CBF83001D1335 /* AppDelegate.swift */; };
		84D31C87286CBF83001D1335 /* SceneDelegate.swift in Sources */ = {isa = PBXBuildFile; fileRef = 84D31C86286CBF83001D1335 /* SceneDelegate.swift */; };
		84D31C89286CBF83001D1335 /* HomeViewController.swift in Sources */ = {isa = PBXBuildFile; fileRef = 84D31C88286CBF83001D1335 /* HomeViewController.swift */; };
		84D31C8C286CBF83001D1335 /* Main.storyboard in Resources */ = {isa = PBXBuildFile; fileRef = 84D31C8A286CBF83001D1335 /* Main.storyboard */; };
		84D31C8E286CBF87001D1335 /* Assets.xcassets in Resources */ = {isa = PBXBuildFile; fileRef = 84D31C8D286CBF87001D1335 /* Assets.xcassets */; };
		84D31C91286CBF87001D1335 /* LaunchScreen.storyboard in Resources */ = {isa = PBXBuildFile; fileRef = 84D31C8F286CBF87001D1335 /* LaunchScreen.storyboard */; };
/* End PBXBuildFile section */

/* Begin PBXFileReference section */
		8439EA532B6A464100ED7616 /* UIImageView+Extension.swift */ = {isa = PBXFileReference; lastKnownFileType = sourcecode.swift; path = "UIImageView+Extension.swift"; sourceTree = "<group>"; };
		844165B32B7130F000ED0E92 /* CollectionViewCellPresenter.swift */ = {isa = PBXFileReference; lastKnownFileType = sourcecode.swift; path = CollectionViewCellPresenter.swift; sourceTree = "<group>"; };
		8484270D286DFB8E0096611F /* Endpoint.swift */ = {isa = PBXFileReference; lastKnownFileType = sourcecode.swift; path = Endpoint.swift; sourceTree = "<group>"; };
		8484270F286DFD6B0096611F /* RawgEndpoint.swift */ = {isa = PBXFileReference; lastKnownFileType = sourcecode.swift; path = RawgEndpoint.swift; sourceTree = "<group>"; };
		84842711286E40CC0096611F /* RawgModels.swift */ = {isa = PBXFileReference; lastKnownFileType = sourcecode.swift; path = RawgModels.swift; sourceTree = "<group>"; };
		84842715286E7FF60096611F /* CollectionViewCell.swift */ = {isa = PBXFileReference; lastKnownFileType = sourcecode.swift; path = CollectionViewCell.swift; sourceTree = "<group>"; };
		84842722286EE0A00096611F /* NetworkEngine.swift */ = {isa = PBXFileReference; lastKnownFileType = sourcecode.swift; path = NetworkEngine.swift; sourceTree = "<group>"; };
		8484274D2876D8320096611F /* RawgApi.swift */ = {isa = PBXFileReference; lastKnownFileType = sourcecode.swift; path = RawgApi.swift; sourceTree = "<group>"; };
		8484274F28772FA60096611F /* HomeCollectionViewController.swift */ = {isa = PBXFileReference; lastKnownFileType = sourcecode.swift; path = HomeCollectionViewController.swift; sourceTree = "<group>"; };
		8484275128779EEF0096611F /* HomeInteractor.swift */ = {isa = PBXFileReference; lastKnownFileType = sourcecode.swift; path = HomeInteractor.swift; sourceTree = "<group>"; };
		8484275328779F350096611F /* HomePresenter.swift */ = {isa = PBXFileReference; lastKnownFileType = sourcecode.swift; path = HomePresenter.swift; sourceTree = "<group>"; };
		848427552877ABEE0096611F /* HomeRouter.swift */ = {isa = PBXFileReference; lastKnownFileType = sourcecode.swift; path = HomeRouter.swift; sourceTree = "<group>"; };
		8484275B28789A320096611F /* DetailViewController.swift */ = {isa = PBXFileReference; lastKnownFileType = sourcecode.swift; path = DetailViewController.swift; sourceTree = "<group>"; };
		8492FD522B6D8200009BD365 /* FavoriteGamesDataModel.xcdatamodel */ = {isa = PBXFileReference; lastKnownFileType = wrapper.xcdatamodel; path = FavoriteGamesDataModel.xcdatamodel; sourceTree = "<group>"; };
		8492FD562B6FC981009BD365 /* FavoriteManager.swift */ = {isa = PBXFileReference; lastKnownFileType = sourcecode.swift; path = FavoriteManager.swift; sourceTree = "<group>"; };
		849D38D42889B5CB00609C31 /* WishlistViewController.swift */ = {isa = PBXFileReference; lastKnownFileType = sourcecode.swift; path = WishlistViewController.swift; sourceTree = "<group>"; };
		849D38DB288C81D500609C31 /* SingletonPatterns.swift */ = {isa = PBXFileReference; lastKnownFileType = sourcecode.swift; path = SingletonPatterns.swift; sourceTree = "<group>"; };
		849D38DD288CADB300609C31 /* NotificationCenter.swift */ = {isa = PBXFileReference; fileEncoding = 4; lastKnownFileType = sourcecode.swift; path = NotificationCenter.swift; sourceTree = "<group>"; };
		849D38DF288D9B6800609C31 /* FilterCell.swift */ = {isa = PBXFileReference; lastKnownFileType = sourcecode.swift; path = FilterCell.swift; sourceTree = "<group>"; };
		84A2D7F42B739E3600D7C87C /* WishlistPresenter.swift */ = {isa = PBXFileReference; lastKnownFileType = sourcecode.swift; path = WishlistPresenter.swift; sourceTree = "<group>"; };
		84A2D7F62B74489500D7C87C /* WishlistInteractor.swift */ = {isa = PBXFileReference; lastKnownFileType = sourcecode.swift; path = WishlistInteractor.swift; sourceTree = "<group>"; };
		84A2D7F82B7453E400D7C87C /* WishlistRouter.swift */ = {isa = PBXFileReference; lastKnownFileType = sourcecode.swift; path = WishlistRouter.swift; sourceTree = "<group>"; };
		84A2D7FA2B7A9C8700D7C87C /* TabBarController.swift */ = {isa = PBXFileReference; lastKnownFileType = sourcecode.swift; path = TabBarController.swift; sourceTree = "<group>"; };
		84A2D7FC2B7BBBF200D7C87C /* DetailPresenter.swift */ = {isa = PBXFileReference; lastKnownFileType = sourcecode.swift; path = DetailPresenter.swift; sourceTree = "<group>"; };
		84A2D7FE2B7BBC0D00D7C87C /* DetailInteractor.swift */ = {isa = PBXFileReference; lastKnownFileType = sourcecode.swift; path = DetailInteractor.swift; sourceTree = "<group>"; };
		84A2D8002B7BBC1500D7C87C /* DetailRouter.swift */ = {isa = PBXFileReference; lastKnownFileType = sourcecode.swift; path = DetailRouter.swift; sourceTree = "<group>"; };
		84D31C81286CBF83001D1335 /* GameListAppWithUIKit.app */ = {isa = PBXFileReference; explicitFileType = wrapper.application; includeInIndex = 0; path = GameListAppWithUIKit.app; sourceTree = BUILT_PRODUCTS_DIR; };
		84D31C84286CBF83001D1335 /* AppDelegate.swift */ = {isa = PBXFileReference; lastKnownFileType = sourcecode.swift; path = AppDelegate.swift; sourceTree = "<group>"; };
		84D31C86286CBF83001D1335 /* SceneDelegate.swift */ = {isa = PBXFileReference; lastKnownFileType = sourcecode.swift; path = SceneDelegate.swift; sourceTree = "<group>"; };
		84D31C88286CBF83001D1335 /* HomeViewController.swift */ = {isa = PBXFileReference; lastKnownFileType = sourcecode.swift; path = HomeViewController.swift; sourceTree = "<group>"; };
		84D31C8B286CBF83001D1335 /* Base */ = {isa = PBXFileReference; lastKnownFileType = file.storyboard; name = Base; path = Base.lproj/Main.storyboard; sourceTree = "<group>"; };
		84D31C8D286CBF87001D1335 /* Assets.xcassets */ = {isa = PBXFileReference; lastKnownFileType = folder.assetcatalog; path = Assets.xcassets; sourceTree = "<group>"; };
		84D31C90286CBF87001D1335 /* Base */ = {isa = PBXFileReference; lastKnownFileType = file.storyboard; name = Base; path = Base.lproj/LaunchScreen.storyboard; sourceTree = "<group>"; };
		84D31C92286CBF87001D1335 /* Info.plist */ = {isa = PBXFileReference; lastKnownFileType = text.plist.xml; path = Info.plist; sourceTree = "<group>"; };
/* End PBXFileReference section */

/* Begin PBXFrameworksBuildPhase section */
		84D31C7E286CBF83001D1335 /* Frameworks */ = {
			isa = PBXFrameworksBuildPhase;
			buildActionMask = 2147483647;
			files = (
				8492FD502B6C50AF009BD365 /* Kingfisher in Frameworks */,
			);
			runOnlyForDeploymentPostprocessing = 0;
		};
/* End PBXFrameworksBuildPhase section */

/* Begin PBXGroup section */
		8439EA522B6A461800ED7616 /* Utility */ = {
			isa = PBXGroup;
			children = (
				849D38DB288C81D500609C31 /* SingletonPatterns.swift */,
				849D38DD288CADB300609C31 /* NotificationCenter.swift */,
				8439EA532B6A464100ED7616 /* UIImageView+Extension.swift */,
				8492FD512B6D8200009BD365 /* FavoriteGamesDataModel.xcdatamodeld */,
				8492FD562B6FC981009BD365 /* FavoriteManager.swift */,
			);
			path = Utility;
			sourceTree = "<group>";
		};
		844165B22B712F1B00ED0E92 /* View */ = {
			isa = PBXGroup;
			children = (
				8484274F28772FA60096611F /* HomeCollectionViewController.swift */,
				84842715286E7FF60096611F /* CollectionViewCell.swift */,
				844165B32B7130F000ED0E92 /* CollectionViewCellPresenter.swift */,
				849D38DF288D9B6800609C31 /* FilterCell.swift */,
			);
			path = View;
			sourceTree = "<group>";
		};
		8484270C286DC6600096611F /* Networking */ = {
			isa = PBXGroup;
			children = (
				8484270D286DFB8E0096611F /* Endpoint.swift */,
				8484270F286DFD6B0096611F /* RawgEndpoint.swift */,
				84842711286E40CC0096611F /* RawgModels.swift */,
				84842722286EE0A00096611F /* NetworkEngine.swift */,
				8484274D2876D8320096611F /* RawgApi.swift */,
			);
			path = Networking;
			sourceTree = "<group>";
		};
		84842717286E84760096611F /* Storyboards */ = {
			isa = PBXGroup;
			children = (
				84D31C8F286CBF87001D1335 /* LaunchScreen.storyboard */,
				84D31C8A286CBF83001D1335 /* Main.storyboard */,
			);
			path = Storyboards;
			sourceTree = "<group>";
		};
		84842718286E84840096611F /* App */ = {
			isa = PBXGroup;
			children = (
				84D31C84286CBF83001D1335 /* AppDelegate.swift */,
				84D31C86286CBF83001D1335 /* SceneDelegate.swift */,
				84A2D7FA2B7A9C8700D7C87C /* TabBarController.swift */,
			);
			path = App;
			sourceTree = "<group>";
		};
		84842719286E84C20096611F /* HomeModule */ = {
			isa = PBXGroup;
			children = (
				84D31C88286CBF83001D1335 /* HomeViewController.swift */,
				8484275128779EEF0096611F /* HomeInteractor.swift */,
				8484275328779F350096611F /* HomePresenter.swift */,
				848427552877ABEE0096611F /* HomeRouter.swift */,
			);
			path = HomeModule;
			sourceTree = "<group>";
		};
		8492FD542B6D9F09009BD365 /* WishlistModule */ = {
			isa = PBXGroup;
			children = (
				849D38D42889B5CB00609C31 /* WishlistViewController.swift */,
				84A2D7F42B739E3600D7C87C /* WishlistPresenter.swift */,
				84A2D7F62B74489500D7C87C /* WishlistInteractor.swift */,
				84A2D7F82B7453E400D7C87C /* WishlistRouter.swift */,
			);
			path = WishlistModule;
			sourceTree = "<group>";
		};
		8492FD552B6D9F11009BD365 /* DetailModule */ = {
			isa = PBXGroup;
			children = (
				8484275B28789A320096611F /* DetailViewController.swift */,
				84A2D7FC2B7BBBF200D7C87C /* DetailPresenter.swift */,
				84A2D7FE2B7BBC0D00D7C87C /* DetailInteractor.swift */,
				84A2D8002B7BBC1500D7C87C /* DetailRouter.swift */,
			);
			path = DetailModule;
			sourceTree = "<group>";
		};
		84D31C78286CBF83001D1335 = {
			isa = PBXGroup;
			children = (
				84D31C83286CBF83001D1335 /* GameListAppWithUIKit */,
				84D31C82286CBF83001D1335 /* Products */,
			);
			sourceTree = "<group>";
		};
		84D31C82286CBF83001D1335 /* Products */ = {
			isa = PBXGroup;
			children = (
				84D31C81286CBF83001D1335 /* GameListAppWithUIKit.app */,
			);
			name = Products;
			sourceTree = "<group>";
		};
		84D31C83286CBF83001D1335 /* GameListAppWithUIKit */ = {
			isa = PBXGroup;
			children = (
				8439EA522B6A461800ED7616 /* Utility */,
				844165B22B712F1B00ED0E92 /* View */,
				84842719286E84C20096611F /* HomeModule */,
				8492FD552B6D9F11009BD365 /* DetailModule */,
				8492FD542B6D9F09009BD365 /* WishlistModule */,
				84842718286E84840096611F /* App */,
				84842717286E84760096611F /* Storyboards */,
				8484270C286DC6600096611F /* Networking */,
				84D31C8D286CBF87001D1335 /* Assets.xcassets */,
				84D31C92286CBF87001D1335 /* Info.plist */,
			);
			path = GameListAppWithUIKit;
			sourceTree = "<group>";
		};
/* End PBXGroup section */

/* Begin PBXNativeTarget section */
		84D31C80286CBF83001D1335 /* GameListAppWithUIKit */ = {
			isa = PBXNativeTarget;
			buildConfigurationList = 84D31C95286CBF87001D1335 /* Build configuration list for PBXNativeTarget "GameListAppWithUIKit" */;
			buildPhases = (
				84D31C7D286CBF83001D1335 /* Sources */,
				84D31C7E286CBF83001D1335 /* Frameworks */,
				84D31C7F286CBF83001D1335 /* Resources */,
			);
			buildRules = (
			);
			dependencies = (
			);
			name = GameListAppWithUIKit;
			packageProductDependencies = (
				8492FD4F2B6C50AF009BD365 /* Kingfisher */,
			);
			productName = GameListAppWithUIKit;
			productReference = 84D31C81286CBF83001D1335 /* GameListAppWithUIKit.app */;
			productType = "com.apple.product-type.application";
		};
/* End PBXNativeTarget section */

/* Begin PBXProject section */
		84D31C79286CBF83001D1335 /* Project object */ = {
			isa = PBXProject;
			attributes = {
				BuildIndependentTargetsInParallel = 1;
				LastSwiftUpdateCheck = 1340;
				LastUpgradeCheck = 1520;
				TargetAttributes = {
					84D31C80286CBF83001D1335 = {
						CreatedOnToolsVersion = 13.4.1;
					};
				};
			};
			buildConfigurationList = 84D31C7C286CBF83001D1335 /* Build configuration list for PBXProject "GameListAppWithUIKit" */;
			compatibilityVersion = "Xcode 13.0";
			developmentRegion = en;
			hasScannedForEncodings = 0;
			knownRegions = (
				en,
				Base,
			);
			mainGroup = 84D31C78286CBF83001D1335;
			packageReferences = (
				8492FD4E2B6C50AF009BD365 /* XCRemoteSwiftPackageReference "Kingfisher" */,
			);
			productRefGroup = 84D31C82286CBF83001D1335 /* Products */;
			projectDirPath = "";
			projectRoot = "";
			targets = (
				84D31C80286CBF83001D1335 /* GameListAppWithUIKit */,
			);
		};
/* End PBXProject section */

/* Begin PBXResourcesBuildPhase section */
		84D31C7F286CBF83001D1335 /* Resources */ = {
			isa = PBXResourcesBuildPhase;
			buildActionMask = 2147483647;
			files = (
				84D31C91286CBF87001D1335 /* LaunchScreen.storyboard in Resources */,
				84D31C8E286CBF87001D1335 /* Assets.xcassets in Resources */,
				84D31C8C286CBF83001D1335 /* Main.storyboard in Resources */,
			);
			runOnlyForDeploymentPostprocessing = 0;
		};
/* End PBXResourcesBuildPhase section */

/* Begin PBXSourcesBuildPhase section */
		84D31C7D286CBF83001D1335 /* Sources */ = {
			isa = PBXSourcesBuildPhase;
			buildActionMask = 2147483647;
			files = (
				849D38E0288D9B6800609C31 /* FilterCell.swift in Sources */,
				8484275028772FA60096611F /* HomeCollectionViewController.swift in Sources */,
				8484275C28789A320096611F /* DetailViewController.swift in Sources */,
				84A2D7FB2B7A9C8700D7C87C /* TabBarController.swift in Sources */,
				84A2D7F92B7453E400D7C87C /* WishlistRouter.swift in Sources */,
				84842716286E7FF60096611F /* CollectionViewCell.swift in Sources */,
				84842710286DFD6B0096611F /* RawgEndpoint.swift in Sources */,
				844165B42B7130F000ED0E92 /* CollectionViewCellPresenter.swift in Sources */,
				8492FD572B6FC981009BD365 /* FavoriteManager.swift in Sources */,
				84A2D7FF2B7BBC0D00D7C87C /* DetailInteractor.swift in Sources */,
				848427562877ABEE0096611F /* HomeRouter.swift in Sources */,
				84D31C89286CBF83001D1335 /* HomeViewController.swift in Sources */,
				849D38D52889B5CB00609C31 /* WishlistViewController.swift in Sources */,
				84A2D7F72B74489500D7C87C /* WishlistInteractor.swift in Sources */,
				849D38DE288CADB300609C31 /* NotificationCenter.swift in Sources */,
				84A2D8012B7BBC1500D7C87C /* DetailRouter.swift in Sources */,
				84842712286E40CC0096611F /* RawgModels.swift in Sources */,
				8439EA542B6A464100ED7616 /* UIImageView+Extension.swift in Sources */,
				8484275428779F350096611F /* HomePresenter.swift in Sources */,
				8484275228779EEF0096611F /* HomeInteractor.swift in Sources */,
				84A2D7FD2B7BBBF200D7C87C /* DetailPresenter.swift in Sources */,
				84842723286EE0A00096611F /* NetworkEngine.swift in Sources */,
				84A2D7F52B739E3600D7C87C /* WishlistPresenter.swift in Sources */,
				8492FD532B6D8200009BD365 /* FavoriteGamesDataModel.xcdatamodeld in Sources */,
				849D38DC288C81D500609C31 /* SingletonPatterns.swift in Sources */,
				84D31C85286CBF83001D1335 /* AppDelegate.swift in Sources */,
				8484270E286DFB8E0096611F /* Endpoint.swift in Sources */,
				84D31C87286CBF83001D1335 /* SceneDelegate.swift in Sources */,
				8484274E2876D8320096611F /* RawgApi.swift in Sources */,
			);
			runOnlyForDeploymentPostprocessing = 0;
		};
/* End PBXSourcesBuildPhase section */

/* Begin PBXVariantGroup section */
		84D31C8A286CBF83001D1335 /* Main.storyboard */ = {
			isa = PBXVariantGroup;
			children = (
				84D31C8B286CBF83001D1335 /* Base */,
			);
			name = Main.storyboard;
			sourceTree = "<group>";
		};
		84D31C8F286CBF87001D1335 /* LaunchScreen.storyboard */ = {
			isa = PBXVariantGroup;
			children = (
				84D31C90286CBF87001D1335 /* Base */,
			);
			name = LaunchScreen.storyboard;
			sourceTree = "<group>";
		};
/* End PBXVariantGroup section */

/* Begin XCBuildConfiguration section */
		84D31C93286CBF87001D1335 /* Debug */ = {
			isa = XCBuildConfiguration;
			buildSettings = {
				ALWAYS_SEARCH_USER_PATHS = NO;
				CLANG_ANALYZER_NONNULL = YES;
				CLANG_ANALYZER_NUMBER_OBJECT_CONVERSION = YES_AGGRESSIVE;
				CLANG_CXX_LANGUAGE_STANDARD = "gnu++17";
				CLANG_ENABLE_MODULES = YES;
				CLANG_ENABLE_OBJC_ARC = YES;
				CLANG_ENABLE_OBJC_WEAK = YES;
				CLANG_WARN_BLOCK_CAPTURE_AUTORELEASING = YES;
				CLANG_WARN_BOOL_CONVERSION = YES;
				CLANG_WARN_COMMA = YES;
				CLANG_WARN_CONSTANT_CONVERSION = YES;
				CLANG_WARN_DEPRECATED_OBJC_IMPLEMENTATIONS = YES;
				CLANG_WARN_DIRECT_OBJC_ISA_USAGE = YES_ERROR;
				CLANG_WARN_DOCUMENTATION_COMMENTS = YES;
				CLANG_WARN_EMPTY_BODY = YES;
				CLANG_WARN_ENUM_CONVERSION = YES;
				CLANG_WARN_INFINITE_RECURSION = YES;
				CLANG_WARN_INT_CONVERSION = YES;
				CLANG_WARN_NON_LITERAL_NULL_CONVERSION = YES;
				CLANG_WARN_OBJC_IMPLICIT_RETAIN_SELF = YES;
				CLANG_WARN_OBJC_LITERAL_CONVERSION = YES;
				CLANG_WARN_OBJC_ROOT_CLASS = YES_ERROR;
				CLANG_WARN_QUOTED_INCLUDE_IN_FRAMEWORK_HEADER = YES;
				CLANG_WARN_RANGE_LOOP_ANALYSIS = YES;
				CLANG_WARN_STRICT_PROTOTYPES = YES;
				CLANG_WARN_SUSPICIOUS_MOVE = YES;
				CLANG_WARN_UNGUARDED_AVAILABILITY = YES_AGGRESSIVE;
				CLANG_WARN_UNREACHABLE_CODE = YES;
				CLANG_WARN__DUPLICATE_METHOD_MATCH = YES;
				COPY_PHASE_STRIP = NO;
				DEBUG_INFORMATION_FORMAT = dwarf;
				ENABLE_STRICT_OBJC_MSGSEND = YES;
				ENABLE_TESTABILITY = YES;
				ENABLE_USER_SCRIPT_SANDBOXING = YES;
				GCC_C_LANGUAGE_STANDARD = gnu11;
				GCC_DYNAMIC_NO_PIC = NO;
				GCC_NO_COMMON_BLOCKS = YES;
				GCC_OPTIMIZATION_LEVEL = 0;
				GCC_PREPROCESSOR_DEFINITIONS = (
					"DEBUG=1",
					"$(inherited)",
				);
				GCC_WARN_64_TO_32_BIT_CONVERSION = YES;
				GCC_WARN_ABOUT_RETURN_TYPE = YES_ERROR;
				GCC_WARN_UNDECLARED_SELECTOR = YES;
				GCC_WARN_UNINITIALIZED_AUTOS = YES_AGGRESSIVE;
				GCC_WARN_UNUSED_FUNCTION = YES;
				GCC_WARN_UNUSED_VARIABLE = YES;
				IPHONEOS_DEPLOYMENT_TARGET = 15.5;
				MTL_ENABLE_DEBUG_INFO = INCLUDE_SOURCE;
				MTL_FAST_MATH = YES;
				ONLY_ACTIVE_ARCH = YES;
				SDKROOT = iphoneos;
				SWIFT_ACTIVE_COMPILATION_CONDITIONS = DEBUG;
				SWIFT_OPTIMIZATION_LEVEL = "-Onone";
			};
			name = Debug;
		};
		84D31C94286CBF87001D1335 /* Release */ = {
			isa = XCBuildConfiguration;
			buildSettings = {
				ALWAYS_SEARCH_USER_PATHS = NO;
				CLANG_ANALYZER_NONNULL = YES;
				CLANG_ANALYZER_NUMBER_OBJECT_CONVERSION = YES_AGGRESSIVE;
				CLANG_CXX_LANGUAGE_STANDARD = "gnu++17";
				CLANG_ENABLE_MODULES = YES;
				CLANG_ENABLE_OBJC_ARC = YES;
				CLANG_ENABLE_OBJC_WEAK = YES;
				CLANG_WARN_BLOCK_CAPTURE_AUTORELEASING = YES;
				CLANG_WARN_BOOL_CONVERSION = YES;
				CLANG_WARN_COMMA = YES;
				CLANG_WARN_CONSTANT_CONVERSION = YES;
				CLANG_WARN_DEPRECATED_OBJC_IMPLEMENTATIONS = YES;
				CLANG_WARN_DIRECT_OBJC_ISA_USAGE = YES_ERROR;
				CLANG_WARN_DOCUMENTATION_COMMENTS = YES;
				CLANG_WARN_EMPTY_BODY = YES;
				CLANG_WARN_ENUM_CONVERSION = YES;
				CLANG_WARN_INFINITE_RECURSION = YES;
				CLANG_WARN_INT_CONVERSION = YES;
				CLANG_WARN_NON_LITERAL_NULL_CONVERSION = YES;
				CLANG_WARN_OBJC_IMPLICIT_RETAIN_SELF = YES;
				CLANG_WARN_OBJC_LITERAL_CONVERSION = YES;
				CLANG_WARN_OBJC_ROOT_CLASS = YES_ERROR;
				CLANG_WARN_QUOTED_INCLUDE_IN_FRAMEWORK_HEADER = YES;
				CLANG_WARN_RANGE_LOOP_ANALYSIS = YES;
				CLANG_WARN_STRICT_PROTOTYPES = YES;
				CLANG_WARN_SUSPICIOUS_MOVE = YES;
				CLANG_WARN_UNGUARDED_AVAILABILITY = YES_AGGRESSIVE;
				CLANG_WARN_UNREACHABLE_CODE = YES;
				CLANG_WARN__DUPLICATE_METHOD_MATCH = YES;
				COPY_PHASE_STRIP = NO;
				DEBUG_INFORMATION_FORMAT = "dwarf-with-dsym";
				ENABLE_NS_ASSERTIONS = NO;
				ENABLE_STRICT_OBJC_MSGSEND = YES;
				ENABLE_USER_SCRIPT_SANDBOXING = YES;
				GCC_C_LANGUAGE_STANDARD = gnu11;
				GCC_NO_COMMON_BLOCKS = YES;
				GCC_WARN_64_TO_32_BIT_CONVERSION = YES;
				GCC_WARN_ABOUT_RETURN_TYPE = YES_ERROR;
				GCC_WARN_UNDECLARED_SELECTOR = YES;
				GCC_WARN_UNINITIALIZED_AUTOS = YES_AGGRESSIVE;
				GCC_WARN_UNUSED_FUNCTION = YES;
				GCC_WARN_UNUSED_VARIABLE = YES;
				IPHONEOS_DEPLOYMENT_TARGET = 15.5;
				MTL_ENABLE_DEBUG_INFO = NO;
				MTL_FAST_MATH = YES;
				SDKROOT = iphoneos;
				SWIFT_COMPILATION_MODE = wholemodule;
				SWIFT_OPTIMIZATION_LEVEL = "-O";
				VALIDATE_PRODUCT = YES;
			};
			name = Release;
		};
		84D31C96286CBF87001D1335 /* Debug */ = {
			isa = XCBuildConfiguration;
			buildSettings = {
				ASSETCATALOG_COMPILER_APPICON_NAME = AppIcon;
				ASSETCATALOG_COMPILER_GLOBAL_ACCENT_COLOR_NAME = AccentColor;
				CODE_SIGN_STYLE = Automatic;
				CURRENT_PROJECT_VERSION = 1;
				DEVELOPMENT_TEAM = BB2PJN632P;
				GENERATE_INFOPLIST_FILE = YES;
				INFOPLIST_FILE = GameListAppWithUIKit/Info.plist;
				INFOPLIST_KEY_UIApplicationSupportsIndirectInputEvents = YES;
				INFOPLIST_KEY_UILaunchStoryboardName = LaunchScreen;
				INFOPLIST_KEY_UIMainStoryboardFile = Main;
				INFOPLIST_KEY_UISupportedInterfaceOrientations_iPad = "UIInterfaceOrientationPortrait UIInterfaceOrientationPortraitUpsideDown UIInterfaceOrientationLandscapeLeft UIInterfaceOrientationLandscapeRight";
				INFOPLIST_KEY_UISupportedInterfaceOrientations_iPhone = "UIInterfaceOrientationPortrait UIInterfaceOrientationLandscapeLeft UIInterfaceOrientationLandscapeRight";
				LD_RUNPATH_SEARCH_PATHS = (
					"$(inherited)",
					"@executable_path/Frameworks",
				);
				MARKETING_VERSION = 1.0;
				PRODUCT_BUNDLE_IDENTIFIER = trendyol.GameListAppWithUIKit;
				PRODUCT_NAME = "$(TARGET_NAME)";
				SWIFT_EMIT_LOC_STRINGS = YES;
				SWIFT_VERSION = 5.0;
				TARGETED_DEVICE_FAMILY = "1,2";
			};
			name = Debug;
		};
		84D31C97286CBF87001D1335 /* Release */ = {
			isa = XCBuildConfiguration;
			buildSettings = {
				ASSETCATALOG_COMPILER_APPICON_NAME = AppIcon;
				ASSETCATALOG_COMPILER_GLOBAL_ACCENT_COLOR_NAME = AccentColor;
				CODE_SIGN_STYLE = Automatic;
				CURRENT_PROJECT_VERSION = 1;
				DEVELOPMENT_TEAM = BB2PJN632P;
				GENERATE_INFOPLIST_FILE = YES;
				INFOPLIST_FILE = GameListAppWithUIKit/Info.plist;
				INFOPLIST_KEY_UIApplicationSupportsIndirectInputEvents = YES;
				INFOPLIST_KEY_UILaunchStoryboardName = LaunchScreen;
				INFOPLIST_KEY_UIMainStoryboardFile = Main;
				INFOPLIST_KEY_UISupportedInterfaceOrientations_iPad = "UIInterfaceOrientationPortrait UIInterfaceOrientationPortraitUpsideDown UIInterfaceOrientationLandscapeLeft UIInterfaceOrientationLandscapeRight";
				INFOPLIST_KEY_UISupportedInterfaceOrientations_iPhone = "UIInterfaceOrientationPortrait UIInterfaceOrientationLandscapeLeft UIInterfaceOrientationLandscapeRight";
				LD_RUNPATH_SEARCH_PATHS = (
					"$(inherited)",
					"@executable_path/Frameworks",
				);
				MARKETING_VERSION = 1.0;
				PRODUCT_BUNDLE_IDENTIFIER = trendyol.GameListAppWithUIKit;
				PRODUCT_NAME = "$(TARGET_NAME)";
				SWIFT_EMIT_LOC_STRINGS = YES;
				SWIFT_VERSION = 5.0;
				TARGETED_DEVICE_FAMILY = "1,2";
			};
			name = Release;
		};
/* End XCBuildConfiguration section */

/* Begin XCConfigurationList section */
		84D31C7C286CBF83001D1335 /* Build configuration list for PBXProject "GameListAppWithUIKit" */ = {
			isa = XCConfigurationList;
			buildConfigurations = (
				84D31C93286CBF87001D1335 /* Debug */,
				84D31C94286CBF87001D1335 /* Release */,
			);
			defaultConfigurationIsVisible = 0;
			defaultConfigurationName = Release;
		};
		84D31C95286CBF87001D1335 /* Build configuration list for PBXNativeTarget "GameListAppWithUIKit" */ = {
			isa = XCConfigurationList;
			buildConfigurations = (
				84D31C96286CBF87001D1335 /* Debug */,
				84D31C97286CBF87001D1335 /* Release */,
			);
			defaultConfigurationIsVisible = 0;
			defaultConfigurationName = Release;
		};
/* End XCConfigurationList section */

/* Begin XCRemoteSwiftPackageReference section */
		8492FD4E2B6C50AF009BD365 /* XCRemoteSwiftPackageReference "Kingfisher" */ = {
			isa = XCRemoteSwiftPackageReference;
			repositoryURL = "https://github.com/onevcat/Kingfisher.git";
			requirement = {
				kind = exactVersion;
				version = 7.6.2;
			};
		};
/* End XCRemoteSwiftPackageReference section */

/* Begin XCSwiftPackageProductDependency section */
		8492FD4F2B6C50AF009BD365 /* Kingfisher */ = {
			isa = XCSwiftPackageProductDependency;
			package = 8492FD4E2B6C50AF009BD365 /* XCRemoteSwiftPackageReference "Kingfisher" */;
			productName = Kingfisher;
		};
/* End XCSwiftPackageProductDependency section */

/* Begin XCVersionGroup section */
		8492FD512B6D8200009BD365 /* FavoriteGamesDataModel.xcdatamodeld */ = {
			isa = XCVersionGroup;
			children = (
				8492FD522B6D8200009BD365 /* FavoriteGamesDataModel.xcdatamodel */,
			);
			currentVersion = 8492FD522B6D8200009BD365 /* FavoriteGamesDataModel.xcdatamodel */;
			path = FavoriteGamesDataModel.xcdatamodeld;
			sourceTree = "<group>";
			versionGroupType = wrapper.xcdatamodel;
		};
/* End XCVersionGroup section */
	};
	rootObject = 84D31C79286CBF83001D1335 /* Project object */;
}
